
Microsoft Visual Studio Solution File, Format Version 12.00
# Visual Studio Version 16
VisualStudioVersion = 16.0.31424.327
MinimumVisualStudioVersion = 10.0.40219.1
Project("{FAE04EC0-301F-11D3-BF4B-00C04F79EFBC}") = "BankAccount", "BankAccount.csproj", "{4E665351-C15F-4BA8-BC0C-98A37C5E7904}"
EndProject
Project("{FAE04EC0-301F-11D3-BF4B-00C04F79EFBC}") = "BankAccountTests", "..\BankAccountTests\BankAccountTests.csproj", "{2BA7D6A9-131D-4C15-8F40-ECF2A2D3DCED}"
EndProject
Global
	GlobalSection(SolutionConfigurationPlatforms) = preSolution
		Debug|Any CPU = Debug|Any CPU
		Release|Any CPU = Release|Any CPU
	EndGlobalSection
	GlobalSection(ProjectConfigurationPlatforms) = postSolution
		{4E665351-C15F-4BA8-BC0C-98A37C5E7904}.Debug|Any CPU.ActiveCfg = Debug|Any CPU
		{4E665351-C15F-4BA8-BC0C-98A37C5E7904}.Debug|Any CPU.Build.0 = Debug|Any CPU
		{4E665351-C15F-4BA8-BC0C-98A37C5E7904}.Release|Any CPU.ActiveCfg = Release|Any CPU
		{4E665351-C15F-4BA8-BC0C-98A37C5E7904}.Release|Any CPU.Build.0 = Release|Any CPU
		{2BA7D6A9-131D-4C15-8F40-ECF2A2D3DCED}.Debug|Any CPU.ActiveCfg = Debug|Any CPU
		{2BA7D6A9-131D-4C15-8F40-ECF2A2D3DCED}.Debug|Any CPU.Build.0 = Debug|Any CPU
		{2BA7D6A9-131D-4C15-8F40-ECF2A2D3DCED}.Release|Any CPU.ActiveCfg = Release|Any CPU
		{2BA7D6A9-131D-4C15-8F40-ECF2A2D3DCED}.Release|Any CPU.Build.0 = Release|Any CPU
	EndGlobalSection
	GlobalSection(SolutionProperties) = preSolution
		HideSolutionNode = FALSE
	EndGlobalSection
	GlobalSection(ExtensibilityGlobals) = postSolution
		SolutionGuid = {28734E78-1AF4-420E-99ED-A33CE35D8C08}
	EndGlobalSection
EndGlobal
